// !$*UTF8*$!
{
	archiveVersion = 1;
	classes = {
	};
	objectVersion = 50;
	objects = {

/* Begin PBXBuildFile section */
		05711DCDDD234C118E07930E /* Pods_RxSwiftSampleUITests.framework in Frameworks */ = {isa = PBXBuildFile; fileRef = 96C1B6D5074DF484F4BDE354 /* Pods_RxSwiftSampleUITests.framework */; };
		50A3047421FEB246006190AF /* AppDelegate.swift in Sources */ = {isa = PBXBuildFile; fileRef = 50A3047321FEB246006190AF /* AppDelegate.swift */; };
		50A3047621FEB246006190AF /* ViewController.swift in Sources */ = {isa = PBXBuildFile; fileRef = 50A3047521FEB246006190AF /* ViewController.swift */; };
		50A3047921FEB246006190AF /* Main.storyboard in Resources */ = {isa = PBXBuildFile; fileRef = 50A3047721FEB246006190AF /* Main.storyboard */; };
		50A3047B21FEB247006190AF /* Assets.xcassets in Resources */ = {isa = PBXBuildFile; fileRef = 50A3047A21FEB247006190AF /* Assets.xcassets */; };
		50A3047E21FEB247006190AF /* LaunchScreen.storyboard in Resources */ = {isa = PBXBuildFile; fileRef = 50A3047C21FEB247006190AF /* LaunchScreen.storyboard */; };
		50A3048921FEB247006190AF /* RxSwiftSampleTests.swift in Sources */ = {isa = PBXBuildFile; fileRef = 50A3048821FEB247006190AF /* RxSwiftSampleTests.swift */; };
		50A3049421FEB247006190AF /* RxSwiftSampleUITests.swift in Sources */ = {isa = PBXBuildFile; fileRef = 50A3049321FEB247006190AF /* RxSwiftSampleUITests.swift */; };
		847D39E335464B72F814DF03 /* Pods_RxSwiftSample.framework in Frameworks */ = {isa = PBXBuildFile; fileRef = 22044E5B5D10914682B6D56F /* Pods_RxSwiftSample.framework */; };
		A523FC204655400FA36DFFC8 /* Pods_RxSwiftSampleTests.framework in Frameworks */ = {isa = PBXBuildFile; fileRef = 7CC19E486268FE982A4F7488 /* Pods_RxSwiftSampleTests.framework */; };
/* End PBXBuildFile section */

/* Begin PBXContainerItemProxy section */
		50A3048521FEB247006190AF /* PBXContainerItemProxy */ = {
			isa = PBXContainerItemProxy;
			containerPortal = 50A3046821FEB246006190AF /* Project object */;
			proxyType = 1;
			remoteGlobalIDString = 50A3046F21FEB246006190AF;
			remoteInfo = RxSwiftSample;
		};
		50A3049021FEB247006190AF /* PBXContainerItemProxy */ = {
			isa = PBXContainerItemProxy;
			containerPortal = 50A3046821FEB246006190AF /* Project object */;
			proxyType = 1;
			remoteGlobalIDString = 50A3046F21FEB246006190AF;
			remoteInfo = RxSwiftSample;
		};
/* End PBXContainerItemProxy section */

/* Begin PBXFileReference section */
		22044E5B5D10914682B6D56F /* Pods_RxSwiftSample.framework */ = {isa = PBXFileReference; explicitFileType = wrapper.framework; includeInIndex = 0; path = Pods_RxSwiftSample.framework; sourceTree = BUILT_PRODUCTS_DIR; };
		4AE247B3928EF2DA4EFBCDA0 /* Pods-RxSwiftSampleTests.debug.xcconfig */ = {isa = PBXFileReference; includeInIndex = 1; lastKnownFileType = text.xcconfig; name = "Pods-RxSwiftSampleTests.debug.xcconfig"; path = "Pods/Target Support Files/Pods-RxSwiftSampleTests/Pods-RxSwiftSampleTests.debug.xcconfig"; sourceTree = "<group>"; };
		50A3047021FEB246006190AF /* RxSwiftSample.app */ = {isa = PBXFileReference; explicitFileType = wrapper.application; includeInIndex = 0; path = RxSwiftSample.app; sourceTree = BUILT_PRODUCTS_DIR; };
		50A3047321FEB246006190AF /* AppDelegate.swift */ = {isa = PBXFileReference; lastKnownFileType = sourcecode.swift; path = AppDelegate.swift; sourceTree = "<group>"; };
		50A3047521FEB246006190AF /* ViewController.swift */ = {isa = PBXFileReference; lastKnownFileType = sourcecode.swift; path = ViewController.swift; sourceTree = "<group>"; };
		50A3047821FEB246006190AF /* Base */ = {isa = PBXFileReference; lastKnownFileType = file.storyboard; name = Base; path = Base.lproj/Main.storyboard; sourceTree = "<group>"; };
		50A3047A21FEB247006190AF /* Assets.xcassets */ = {isa = PBXFileReference; lastKnownFileType = folder.assetcatalog; path = Assets.xcassets; sourceTree = "<group>"; };
		50A3047D21FEB247006190AF /* Base */ = {isa = PBXFileReference; lastKnownFileType = file.storyboard; name = Base; path = Base.lproj/LaunchScreen.storyboard; sourceTree = "<group>"; };
		50A3047F21FEB247006190AF /* Info.plist */ = {isa = PBXFileReference; lastKnownFileType = text.plist.xml; path = Info.plist; sourceTree = "<group>"; };
		50A3048421FEB247006190AF /* RxSwiftSampleTests.xctest */ = {isa = PBXFileReference; explicitFileType = wrapper.cfbundle; includeInIndex = 0; path = RxSwiftSampleTests.xctest; sourceTree = BUILT_PRODUCTS_DIR; };
		50A3048821FEB247006190AF /* RxSwiftSampleTests.swift */ = {isa = PBXFileReference; lastKnownFileType = sourcecode.swift; path = RxSwiftSampleTests.swift; sourceTree = "<group>"; };
		50A3048A21FEB247006190AF /* Info.plist */ = {isa = PBXFileReference; lastKnownFileType = text.plist.xml; path = Info.plist; sourceTree = "<group>"; };
		50A3048F21FEB247006190AF /* RxSwiftSampleUITests.xctest */ = {isa = PBXFileReference; explicitFileType = wrapper.cfbundle; includeInIndex = 0; path = RxSwiftSampleUITests.xctest; sourceTree = BUILT_PRODUCTS_DIR; };
		50A3049321FEB247006190AF /* RxSwiftSampleUITests.swift */ = {isa = PBXFileReference; lastKnownFileType = sourcecode.swift; path = RxSwiftSampleUITests.swift; sourceTree = "<group>"; };
		50A3049521FEB247006190AF /* Info.plist */ = {isa = PBXFileReference; lastKnownFileType = text.plist.xml; path = Info.plist; sourceTree = "<group>"; };
		7CC19E486268FE982A4F7488 /* Pods_RxSwiftSampleTests.framework */ = {isa = PBXFileReference; explicitFileType = wrapper.framework; includeInIndex = 0; path = Pods_RxSwiftSampleTests.framework; sourceTree = BUILT_PRODUCTS_DIR; };
		89EA08E0633501572B7ED216 /* Pods-RxSwiftSampleUITests.release.xcconfig */ = {isa = PBXFileReference; includeInIndex = 1; lastKnownFileType = text.xcconfig; name = "Pods-RxSwiftSampleUITests.release.xcconfig"; path = "Pods/Target Support Files/Pods-RxSwiftSampleUITests/Pods-RxSwiftSampleUITests.release.xcconfig"; sourceTree = "<group>"; };
		96C1B6D5074DF484F4BDE354 /* Pods_RxSwiftSampleUITests.framework */ = {isa = PBXFileReference; explicitFileType = wrapper.framework; includeInIndex = 0; path = Pods_RxSwiftSampleUITests.framework; sourceTree = BUILT_PRODUCTS_DIR; };
		C743A457832073AE6817FD2E /* Pods-RxSwiftSampleUITests.debug.xcconfig */ = {isa = PBXFileReference; includeInIndex = 1; lastKnownFileType = text.xcconfig; name = "Pods-RxSwiftSampleUITests.debug.xcconfig"; path = "Pods/Target Support Files/Pods-RxSwiftSampleUITests/Pods-RxSwiftSampleUITests.debug.xcconfig"; sourceTree = "<group>"; };
		DFF8A0A3416100AE8DF9BD2C /* Pods-RxSwiftSampleTests.release.xcconfig */ = {isa = PBXFileReference; includeInIndex = 1; lastKnownFileType = text.xcconfig; name = "Pods-RxSwiftSampleTests.release.xcconfig"; path = "Pods/Target Support Files/Pods-RxSwiftSampleTests/Pods-RxSwiftSampleTests.release.xcconfig"; sourceTree = "<group>"; };
		EF0910503A1654F3AD02A206 /* Pods-RxSwiftSample.debug.xcconfig */ = {isa = PBXFileReference; includeInIndex = 1; lastKnownFileType = text.xcconfig; name = "Pods-RxSwiftSample.debug.xcconfig"; path = "Pods/Target Support Files/Pods-RxSwiftSample/Pods-RxSwiftSample.debug.xcconfig"; sourceTree = "<group>"; };
		F6949356100BB6E3385F3DFE /* Pods-RxSwiftSample.release.xcconfig */ = {isa = PBXFileReference; includeInIndex = 1; lastKnownFileType = text.xcconfig; name = "Pods-RxSwiftSample.release.xcconfig"; path = "Pods/Target Support Files/Pods-RxSwiftSample/Pods-RxSwiftSample.release.xcconfig"; sourceTree = "<group>"; };
/* End PBXFileReference section */

/* Begin PBXFrameworksBuildPhase section */
		50A3046D21FEB246006190AF /* Frameworks */ = {
			isa = PBXFrameworksBuildPhase;
			buildActionMask = 2147483647;
			files = (
				847D39E335464B72F814DF03 /* Pods_RxSwiftSample.framework in Frameworks */,
			);
			runOnlyForDeploymentPostprocessing = 0;
		};
		50A3048121FEB247006190AF /* Frameworks */ = {
			isa = PBXFrameworksBuildPhase;
			buildActionMask = 2147483647;
			files = (
				A523FC204655400FA36DFFC8 /* Pods_RxSwiftSampleTests.framework in Frameworks */,
			);
			runOnlyForDeploymentPostprocessing = 0;
		};
		50A3048C21FEB247006190AF /* Frameworks */ = {
			isa = PBXFrameworksBuildPhase;
			buildActionMask = 2147483647;
			files = (
				05711DCDDD234C118E07930E /* Pods_RxSwiftSampleUITests.framework in Frameworks */,
			);
			runOnlyForDeploymentPostprocessing = 0;
		};
/* End PBXFrameworksBuildPhase section */

/* Begin PBXGroup section */
		50A3046721FEB246006190AF = {
			isa = PBXGroup;
			children = (
				50A3047221FEB246006190AF /* RxSwiftSample */,
				50A3048721FEB247006190AF /* RxSwiftSampleTests */,
				50A3049221FEB247006190AF /* RxSwiftSampleUITests */,
				50A3047121FEB246006190AF /* Products */,
				915B4205A1883EE8E23005C9 /* Pods */,
				FC91629D06C62D196E7D2410 /* Frameworks */,
			);
			sourceTree = "<group>";
		};
		50A3047121FEB246006190AF /* Products */ = {
			isa = PBXGroup;
			children = (
				50A3047021FEB246006190AF /* RxSwiftSample.app */,
				50A3048421FEB247006190AF /* RxSwiftSampleTests.xctest */,
				50A3048F21FEB247006190AF /* RxSwiftSampleUITests.xctest */,
			);
			name = Products;
			sourceTree = "<group>";
		};
		50A3047221FEB246006190AF /* RxSwiftSample */ = {
			isa = PBXGroup;
			children = (
				50A3047321FEB246006190AF /* AppDelegate.swift */,
				50A3047521FEB246006190AF /* ViewController.swift */,
				50A3047721FEB246006190AF /* Main.storyboard */,
				50A3047A21FEB247006190AF /* Assets.xcassets */,
				50A3047C21FEB247006190AF /* LaunchScreen.storyboard */,
				50A3047F21FEB247006190AF /* Info.plist */,
			);
			path = RxSwiftSample;
			sourceTree = "<group>";
		};
		50A3048721FEB247006190AF /* RxSwiftSampleTests */ = {
			isa = PBXGroup;
			children = (
				50A3048821FEB247006190AF /* RxSwiftSampleTests.swift */,
				50A3048A21FEB247006190AF /* Info.plist */,
			);
			path = RxSwiftSampleTests;
			sourceTree = "<group>";
		};
		50A3049221FEB247006190AF /* RxSwiftSampleUITests */ = {
			isa = PBXGroup;
			children = (
				50A3049321FEB247006190AF /* RxSwiftSampleUITests.swift */,
				50A3049521FEB247006190AF /* Info.plist */,
			);
			path = RxSwiftSampleUITests;
			sourceTree = "<group>";
		};
		915B4205A1883EE8E23005C9 /* Pods */ = {
			isa = PBXGroup;
			children = (
				EF0910503A1654F3AD02A206 /* Pods-RxSwiftSample.debug.xcconfig */,
				F6949356100BB6E3385F3DFE /* Pods-RxSwiftSample.release.xcconfig */,
				4AE247B3928EF2DA4EFBCDA0 /* Pods-RxSwiftSampleTests.debug.xcconfig */,
				DFF8A0A3416100AE8DF9BD2C /* Pods-RxSwiftSampleTests.release.xcconfig */,
				C743A457832073AE6817FD2E /* Pods-RxSwiftSampleUITests.debug.xcconfig */,
				89EA08E0633501572B7ED216 /* Pods-RxSwiftSampleUITests.release.xcconfig */,
			);
			name = Pods;
			sourceTree = "<group>";
		};
		FC91629D06C62D196E7D2410 /* Frameworks */ = {
			isa = PBXGroup;
			children = (
				22044E5B5D10914682B6D56F /* Pods_RxSwiftSample.framework */,
				7CC19E486268FE982A4F7488 /* Pods_RxSwiftSampleTests.framework */,
				96C1B6D5074DF484F4BDE354 /* Pods_RxSwiftSampleUITests.framework */,
			);
			name = Frameworks;
			sourceTree = "<group>";
		};
/* End PBXGroup section */

/* Begin PBXNativeTarget section */
		50A3046F21FEB246006190AF /* RxSwiftSample */ = {
			isa = PBXNativeTarget;
			buildConfigurationList = 50A3049821FEB247006190AF /* Build configuration list for PBXNativeTarget "RxSwiftSample" */;
			buildPhases = (
				4B48EAD879A4A26ABA6006B3 /* [CP] Check Pods Manifest.lock */,
				50A3046C21FEB246006190AF /* Sources */,
				50A3046D21FEB246006190AF /* Frameworks */,
				50A3046E21FEB246006190AF /* Resources */,
				E40B9B3662C1B68330D9F19B /* [CP] Embed Pods Frameworks */,
			);
			buildRules = (
			);
			dependencies = (
			);
			name = RxSwiftSample;
			productName = RxSwiftSample;
			productReference = 50A3047021FEB246006190AF /* RxSwiftSample.app */;
			productType = "com.apple.product-type.application";
		};
		50A3048321FEB247006190AF /* RxSwiftSampleTests */ = {
			isa = PBXNativeTarget;
			buildConfigurationList = 50A3049B21FEB247006190AF /* Build configuration list for PBXNativeTarget "RxSwiftSampleTests" */;
			buildPhases = (
				490F72A53DE5F4055608CB70 /* [CP] Check Pods Manifest.lock */,
				50A3048021FEB247006190AF /* Sources */,
				50A3048121FEB247006190AF /* Frameworks */,
				50A3048221FEB247006190AF /* Resources */,
			);
			buildRules = (
			);
			dependencies = (
				50A3048621FEB247006190AF /* PBXTargetDependency */,
			);
			name = RxSwiftSampleTests;
			productName = RxSwiftSampleTests;
			productReference = 50A3048421FEB247006190AF /* RxSwiftSampleTests.xctest */;
			productType = "com.apple.product-type.bundle.unit-test";
		};
		50A3048E21FEB247006190AF /* RxSwiftSampleUITests */ = {
			isa = PBXNativeTarget;
			buildConfigurationList = 50A3049E21FEB247006190AF /* Build configuration list for PBXNativeTarget "RxSwiftSampleUITests" */;
			buildPhases = (
				F455B1A39B746A321F9B9E44 /* [CP] Check Pods Manifest.lock */,
				50A3048B21FEB247006190AF /* Sources */,
				50A3048C21FEB247006190AF /* Frameworks */,
				50A3048D21FEB247006190AF /* Resources */,
			);
			buildRules = (
			);
			dependencies = (
				50A3049121FEB247006190AF /* PBXTargetDependency */,
			);
			name = RxSwiftSampleUITests;
			productName = RxSwiftSampleUITests;
			productReference = 50A3048F21FEB247006190AF /* RxSwiftSampleUITests.xctest */;
			productType = "com.apple.product-type.bundle.ui-testing";
		};
/* End PBXNativeTarget section */

/* Begin PBXProject section */
		50A3046821FEB246006190AF /* Project object */ = {
			isa = PBXProject;
			attributes = {
				LastSwiftUpdateCheck = 1010;
				LastUpgradeCheck = 1010;
				ORGANIZATIONNAME = raido;
				TargetAttributes = {
					50A3046F21FEB246006190AF = {
						CreatedOnToolsVersion = 10.1;
					};
					50A3048321FEB247006190AF = {
						CreatedOnToolsVersion = 10.1;
						TestTargetID = 50A3046F21FEB246006190AF;
					};
					50A3048E21FEB247006190AF = {
						CreatedOnToolsVersion = 10.1;
						TestTargetID = 50A3046F21FEB246006190AF;
					};
				};
			};
			buildConfigurationList = 50A3046B21FEB246006190AF /* Build configuration list for PBXProject "RxSwiftSample" */;
			compatibilityVersion = "Xcode 9.3";
			developmentRegion = en;
			hasScannedForEncodings = 0;
			knownRegions = (
				en,
				Base,
			);
			mainGroup = 50A3046721FEB246006190AF;
			productRefGroup = 50A3047121FEB246006190AF /* Products */;
			projectDirPath = "";
			projectRoot = "";
			targets = (
				50A3046F21FEB246006190AF /* RxSwiftSample */,
				50A3048321FEB247006190AF /* RxSwiftSampleTests */,
				50A3048E21FEB247006190AF /* RxSwiftSampleUITests */,
			);
		};
/* End PBXProject section */

/* Begin PBXResourcesBuildPhase section */
		50A3046E21FEB246006190AF /* Resources */ = {
			isa = PBXResourcesBuildPhase;
			buildActionMask = 2147483647;
			files = (
				50A3047E21FEB247006190AF /* LaunchScreen.storyboard in Resources */,
				50A3047B21FEB247006190AF /* Assets.xcassets in Resources */,
				50A3047921FEB246006190AF /* Main.storyboard in Resources */,
			);
			runOnlyForDeploymentPostprocessing = 0;
		};
		50A3048221FEB247006190AF /* Resources */ = {
			isa = PBXResourcesBuildPhase;
			buildActionMask = 2147483647;
			files = (
			);
			runOnlyForDeploymentPostprocessing = 0;
		};
		50A3048D21FEB247006190AF /* Resources */ = {
			isa = PBXResourcesBuildPhase;
			buildActionMask = 2147483647;
			files = (
			);
			runOnlyForDeploymentPostprocessing = 0;
		};
/* End PBXResourcesBuildPhase section */

/* Begin PBXShellScriptBuildPhase section */
		490F72A53DE5F4055608CB70 /* [CP] Check Pods Manifest.lock */ = {
			isa = PBXShellScriptBuildPhase;
			buildActionMask = 2147483647;
			files = (
			);
			inputFileListPaths = (
			);
			inputPaths = (
				"${PODS_PODFILE_DIR_PATH}/Podfile.lock",
				"${PODS_ROOT}/Manifest.lock",
			);
			name = "[CP] Check Pods Manifest.lock";
			outputFileListPaths = (
			);
			outputPaths = (
				"$(DERIVED_FILE_DIR)/Pods-RxSwiftSampleTests-checkManifestLockResult.txt",
			);
			runOnlyForDeploymentPostprocessing = 0;
			shellPath = /bin/sh;
			shellScript = "diff \"${PODS_PODFILE_DIR_PATH}/Podfile.lock\" \"${PODS_ROOT}/Manifest.lock\" > /dev/null\nif [ $? != 0 ] ; then\n    # print error to STDERR\n    echo \"error: The sandbox is not in sync with the Podfile.lock. Run 'pod install' or update your CocoaPods installation.\" >&2\n    exit 1\nfi\n# This output is used by Xcode 'outputs' to avoid re-running this script phase.\necho \"SUCCESS\" > \"${SCRIPT_OUTPUT_FILE_0}\"\n";
			showEnvVarsInLog = 0;
		};
		4B48EAD879A4A26ABA6006B3 /* [CP] Check Pods Manifest.lock */ = {
			isa = PBXShellScriptBuildPhase;
			buildActionMask = 2147483647;
			files = (
			);
			inputFileListPaths = (
			);
			inputPaths = (
				"${PODS_PODFILE_DIR_PATH}/Podfile.lock",
				"${PODS_ROOT}/Manifest.lock",
			);
			name = "[CP] Check Pods Manifest.lock";
			outputFileListPaths = (
			);
			outputPaths = (
				"$(DERIVED_FILE_DIR)/Pods-RxSwiftSample-checkManifestLockResult.txt",
			);
			runOnlyForDeploymentPostprocessing = 0;
			shellPath = /bin/sh;
			shellScript = "diff \"${PODS_PODFILE_DIR_PATH}/Podfile.lock\" \"${PODS_ROOT}/Manifest.lock\" > /dev/null\nif [ $? != 0 ] ; then\n    # print error to STDERR\n    echo \"error: The sandbox is not in sync with the Podfile.lock. Run 'pod install' or update your CocoaPods installation.\" >&2\n    exit 1\nfi\n# This output is used by Xcode 'outputs' to avoid re-running this script phase.\necho \"SUCCESS\" > \"${SCRIPT_OUTPUT_FILE_0}\"\n";
			showEnvVarsInLog = 0;
		};
		E40B9B3662C1B68330D9F19B /* [CP] Embed Pods Frameworks */ = {
			isa = PBXShellScriptBuildPhase;
			buildActionMask = 2147483647;
			files = (
			);
			inputFileListPaths = (
			);
			inputPaths = (
				"${SRCROOT}/Pods/Target Support Files/Pods-RxSwiftSample/Pods-RxSwiftSample-frameworks.sh",
				"${BUILT_PRODUCTS_DIR}/RxAtomic/RxAtomic.framework",
				"${BUILT_PRODUCTS_DIR}/RxCocoa/RxCocoa.framework",
				"${BUILT_PRODUCTS_DIR}/RxSwift/RxSwift.framework",
			);
			name = "[CP] Embed Pods Frameworks";
			outputFileListPaths = (
			);
			outputPaths = (
				"${TARGET_BUILD_DIR}/${FRAMEWORKS_FOLDER_PATH}/RxAtomic.framework",
				"${TARGET_BUILD_DIR}/${FRAMEWORKS_FOLDER_PATH}/RxCocoa.framework",
				"${TARGET_BUILD_DIR}/${FRAMEWORKS_FOLDER_PATH}/RxSwift.framework",
			);
			runOnlyForDeploymentPostprocessing = 0;
			shellPath = /bin/sh;
			shellScript = "\"${SRCROOT}/Pods/Target Support Files/Pods-RxSwiftSample/Pods-RxSwiftSample-frameworks.sh\"\n";
			showEnvVarsInLog = 0;
		};
		F455B1A39B746A321F9B9E44 /* [CP] Check Pods Manifest.lock */ = {
			isa = PBXShellScriptBuildPhase;
			buildActionMask = 2147483647;
			files = (
			);
			inputFileListPaths = (
			);
			inputPaths = (
				"${PODS_PODFILE_DIR_PATH}/Podfile.lock",
				"${PODS_ROOT}/Manifest.lock",
			);
			name = "[CP] Check Pods Manifest.lock";
			outputFileListPaths = (
			);
			outputPaths = (
				"$(DERIVED_FILE_DIR)/Pods-RxSwiftSampleUITests-checkManifestLockResult.txt",
			);
			runOnlyForDeploymentPostprocessing = 0;
			shellPath = /bin/sh;
			shellScript = "diff \"${PODS_PODFILE_DIR_PATH}/Podfile.lock\" \"${PODS_ROOT}/Manifest.lock\" > /dev/null\nif [ $? != 0 ] ; then\n    # print error to STDERR\n    echo \"error: The sandbox is not in sync with the Podfile.lock. Run 'pod install' or update your CocoaPods installation.\" >&2\n    exit 1\nfi\n# This output is used by Xcode 'outputs' to avoid re-running this script phase.\necho \"SUCCESS\" > \"${SCRIPT_OUTPUT_FILE_0}\"\n";
			showEnvVarsInLog = 0;
		};
/* End PBXShellScriptBuildPhase section */

/* Begin PBXSourcesBuildPhase section */
		50A3046C21FEB246006190AF /* Sources */ = {
			isa = PBXSourcesBuildPhase;
			buildActionMask = 2147483647;
			files = (
				50A3047621FEB246006190AF /* ViewController.swift in Sources */,
				50A3047421FEB246006190AF /* AppDelegate.swift in Sources */,
			);
			runOnlyForDeploymentPostprocessing = 0;
		};
		50A3048021FEB247006190AF /* Sources */ = {
			isa = PBXSourcesBuildPhase;
			buildActionMask = 2147483647;
			files = (
				50A3048921FEB247006190AF /* RxSwiftSampleTests.swift in Sources */,
			);
			runOnlyForDeploymentPostprocessing = 0;
		};
		50A3048B21FEB247006190AF /* Sources */ = {
			isa = PBXSourcesBuildPhase;
			buildActionMask = 2147483647;
			files = (
				50A3049421FEB247006190AF /* RxSwiftSampleUITests.swift in Sources */,
			);
			runOnlyForDeploymentPostprocessing = 0;
		};
/* End PBXSourcesBuildPhase section */

/* Begin PBXTargetDependency section */
		50A3048621FEB247006190AF /* PBXTargetDependency */ = {
			isa = PBXTargetDependency;
			target = 50A3046F21FEB246006190AF /* RxSwiftSample */;
			targetProxy = 50A3048521FEB247006190AF /* PBXContainerItemProxy */;
		};
		50A3049121FEB247006190AF /* PBXTargetDependency */ = {
			isa = PBXTargetDependency;
			target = 50A3046F21FEB246006190AF /* RxSwiftSample */;
			targetProxy = 50A3049021FEB247006190AF /* PBXContainerItemProxy */;
		};
/* End PBXTargetDependency section */

/* Begin PBXVariantGroup section */
		50A3047721FEB246006190AF /* Main.storyboard */ = {
			isa = PBXVariantGroup;
			children = (
				50A3047821FEB246006190AF /* Base */,
			);
			name = Main.storyboard;
			sourceTree = "<group>";
		};
		50A3047C21FEB247006190AF /* LaunchScreen.storyboard */ = {
			isa = PBXVariantGroup;
			children = (
				50A3047D21FEB247006190AF /* Base */,
			);
			name = LaunchScreen.storyboard;
			sourceTree = "<group>";
		};
/* End PBXVariantGroup section */

/* Begin XCBuildConfiguration section */
		50A3049621FEB247006190AF /* Debug */ = {
			isa = XCBuildConfiguration;
			buildSettings = {
				ALWAYS_SEARCH_USER_PATHS = NO;
				CLANG_ANALYZER_NONNULL = YES;
				CLANG_ANALYZER_NUMBER_OBJECT_CONVERSION = YES_AGGRESSIVE;
				CLANG_CXX_LANGUAGE_STANDARD = "gnu++14";
				CLANG_CXX_LIBRARY = "libc++";
				CLANG_ENABLE_MODULES = YES;
				CLANG_ENABLE_OBJC_ARC = YES;
				CLANG_ENABLE_OBJC_WEAK = YES;
				CLANG_WARN_BLOCK_CAPTURE_AUTORELEASING = YES;
				CLANG_WARN_BOOL_CONVERSION = YES;
				CLANG_WARN_COMMA = YES;
				CLANG_WARN_CONSTANT_CONVERSION = YES;
				CLANG_WARN_DEPRECATED_OBJC_IMPLEMENTATIONS = YES;
				CLANG_WARN_DIRECT_OBJC_ISA_USAGE = YES_ERROR;
				CLANG_WARN_DOCUMENTATION_COMMENTS = YES;
				CLANG_WARN_EMPTY_BODY = YES;
				CLANG_WARN_ENUM_CONVERSION = YES;
				CLANG_WARN_INFINITE_RECURSION = YES;
				CLANG_WARN_INT_CONVERSION = YES;
				CLANG_WARN_NON_LITERAL_NULL_CONVERSION = YES;
				CLANG_WARN_OBJC_IMPLICIT_RETAIN_SELF = YES;
				CLANG_WARN_OBJC_LITERAL_CONVERSION = YES;
				CLANG_WARN_OBJC_ROOT_CLASS = YES_ERROR;
				CLANG_WARN_RANGE_LOOP_ANALYSIS = YES;
				CLANG_WARN_STRICT_PROTOTYPES = YES;
				CLANG_WARN_SUSPICIOUS_MOVE = YES;
				CLANG_WARN_UNGUARDED_AVAILABILITY = YES_AGGRESSIVE;
				CLANG_WARN_UNREACHABLE_CODE = YES;
				CLANG_WARN__DUPLICATE_METHOD_MATCH = YES;
				CODE_SIGN_IDENTITY = "iPhone Developer";
				COPY_PHASE_STRIP = NO;
				DEBUG_INFORMATION_FORMAT = dwarf;
				ENABLE_STRICT_OBJC_MSGSEND = YES;
				ENABLE_TESTABILITY = YES;
				GCC_C_LANGUAGE_STANDARD = gnu11;
				GCC_DYNAMIC_NO_PIC = NO;
				GCC_NO_COMMON_BLOCKS = YES;
				GCC_OPTIMIZATION_LEVEL = 0;
				GCC_PREPROCESSOR_DEFINITIONS = (
					"DEBUG=1",
					"$(inherited)",
				);
				GCC_WARN_64_TO_32_BIT_CONVERSION = YES;
				GCC_WARN_ABOUT_RETURN_TYPE = YES_ERROR;
				GCC_WARN_UNDECLARED_SELECTOR = YES;
				GCC_WARN_UNINITIALIZED_AUTOS = YES_AGGRESSIVE;
				GCC_WARN_UNUSED_FUNCTION = YES;
				GCC_WARN_UNUSED_VARIABLE = YES;
				IPHONEOS_DEPLOYMENT_TARGET = 12.1;
				MTL_ENABLE_DEBUG_INFO = INCLUDE_SOURCE;
				MTL_FAST_MATH = YES;
				ONLY_ACTIVE_ARCH = YES;
				SDKROOT = iphoneos;
				SWIFT_ACTIVE_COMPILATION_CONDITIONS = DEBUG;
				SWIFT_OPTIMIZATION_LEVEL = "-Onone";
			};
			name = Debug;
		};
		50A3049721FEB247006190AF /* Release */ = {
			isa = XCBuildConfiguration;
			buildSettings = {
				ALWAYS_SEARCH_USER_PATHS = NO;
				CLANG_ANALYZER_NONNULL = YES;
				CLANG_ANALYZER_NUMBER_OBJECT_CONVERSION = YES_AGGRESSIVE;
				CLANG_CXX_LANGUAGE_STANDARD = "gnu++14";
				CLANG_CXX_LIBRARY = "libc++";
				CLANG_ENABLE_MODULES = YES;
				CLANG_ENABLE_OBJC_ARC = YES;
				CLANG_ENABLE_OBJC_WEAK = YES;
				CLANG_WARN_BLOCK_CAPTURE_AUTORELEASING = YES;
				CLANG_WARN_BOOL_CONVERSION = YES;
				CLANG_WARN_COMMA = YES;
				CLANG_WARN_CONSTANT_CONVERSION = YES;
				CLANG_WARN_DEPRECATED_OBJC_IMPLEMENTATIONS = YES;
				CLANG_WARN_DIRECT_OBJC_ISA_USAGE = YES_ERROR;
				CLANG_WARN_DOCUMENTATION_COMMENTS = YES;
				CLANG_WARN_EMPTY_BODY = YES;
				CLANG_WARN_ENUM_CONVERSION = YES;
				CLANG_WARN_INFINITE_RECURSION = YES;
				CLANG_WARN_INT_CONVERSION = YES;
				CLANG_WARN_NON_LITERAL_NULL_CONVERSION = YES;
				CLANG_WARN_OBJC_IMPLICIT_RETAIN_SELF = YES;
				CLANG_WARN_OBJC_LITERAL_CONVERSION = YES;
				CLANG_WARN_OBJC_ROOT_CLASS = YES_ERROR;
				CLANG_WARN_RANGE_LOOP_ANALYSIS = YES;
				CLANG_WARN_STRICT_PROTOTYPES = YES;
				CLANG_WARN_SUSPICIOUS_MOVE = YES;
				CLANG_WARN_UNGUARDED_AVAILABILITY = YES_AGGRESSIVE;
				CLANG_WARN_UNREACHABLE_CODE = YES;
				CLANG_WARN__DUPLICATE_METHOD_MATCH = YES;
				CODE_SIGN_IDENTITY = "iPhone Developer";
				COPY_PHASE_STRIP = NO;
				DEBUG_INFORMATION_FORMAT = "dwarf-with-dsym";
				ENABLE_NS_ASSERTIONS = NO;
				ENABLE_STRICT_OBJC_MSGSEND = YES;
				GCC_C_LANGUAGE_STANDARD = gnu11;
				GCC_NO_COMMON_BLOCKS = YES;
				GCC_WARN_64_TO_32_BIT_CONVERSION = YES;
				GCC_WARN_ABOUT_RETURN_TYPE = YES_ERROR;
				GCC_WARN_UNDECLARED_SELECTOR = YES;
				GCC_WARN_UNINITIALIZED_AUTOS = YES_AGGRESSIVE;
				GCC_WARN_UNUSED_FUNCTION = YES;
				GCC_WARN_UNUSED_VARIABLE = YES;
				IPHONEOS_DEPLOYMENT_TARGET = 12.1;
				MTL_ENABLE_DEBUG_INFO = NO;
				MTL_FAST_MATH = YES;
				SDKROOT = iphoneos;
				SWIFT_COMPILATION_MODE = wholemodule;
				SWIFT_OPTIMIZATION_LEVEL = "-O";
				VALIDATE_PRODUCT = YES;
			};
			name = Release;
		};
		50A3049921FEB247006190AF /* Debug */ = {
			isa = XCBuildConfiguration;
			baseConfigurationReference = EF0910503A1654F3AD02A206 /* Pods-RxSwiftSample.debug.xcconfig */;
			buildSettings = {
				ASSETCATALOG_COMPILER_APPICON_NAME = AppIcon;
				CODE_SIGN_STYLE = Automatic;
				DEVELOPMENT_TEAM = 4D5UHX748Z;
				INFOPLIST_FILE = RxSwiftSample/Info.plist;
				LD_RUNPATH_SEARCH_PATHS = (
					"$(inherited)",
					"@executable_path/Frameworks",
				);
				PRODUCT_BUNDLE_IDENTIFIER = com.raido.RxSwiftSample;
				PRODUCT_NAME = "$(TARGET_NAME)";
				SWIFT_VERSION = 4.2;
				TARGETED_DEVICE_FAMILY = "1,2";
			};
			name = Debug;
		};
		50A3049A21FEB247006190AF /* Release */ = {
			isa = XCBuildConfiguration;
			baseConfigurationReference = F6949356100BB6E3385F3DFE /* Pods-RxSwiftSample.release.xcconfig */;
			buildSettings = {
				ASSETCATALOG_COMPILER_APPICON_NAME = AppIcon;
				CODE_SIGN_STYLE = Automatic;
				DEVELOPMENT_TEAM = 4D5UHX748Z;
				INFOPLIST_FILE = RxSwiftSample/Info.plist;
				LD_RUNPATH_SEARCH_PATHS = (
					"$(inherited)",
					"@executable_path/Frameworks",
				);
				PRODUCT_BUNDLE_IDENTIFIER = com.raido.RxSwiftSample;
				PRODUCT_NAME = "$(TARGET_NAME)";
				SWIFT_VERSION = 4.2;
				TARGETED_DEVICE_FAMILY = "1,2";
			};
			name = Release;
		};
		50A3049C21FEB247006190AF /* Debug */ = {
			isa = XCBuildConfiguration;
			baseConfigurationReference = 4AE247B3928EF2DA4EFBCDA0 /* Pods-RxSwiftSampleTests.debug.xcconfig */;
			buildSettings = {
				ALWAYS_EMBED_SWIFT_STANDARD_LIBRARIES = YES;
				BUNDLE_LOADER = "$(TEST_HOST)";
				CODE_SIGN_STYLE = Automatic;
				DEVELOPMENT_TEAM = 4D5UHX748Z;
				INFOPLIST_FILE = RxSwiftSampleTests/Info.plist;
				LD_RUNPATH_SEARCH_PATHS = (
					"$(inherited)",
					"@executable_path/Frameworks",
					"@loader_path/Frameworks",
				);
				PRODUCT_BUNDLE_IDENTIFIER = com.raido.RxSwiftSampleTests;
				PRODUCT_NAME = "$(TARGET_NAME)";
				SWIFT_VERSION = 4.2;
				TARGETED_DEVICE_FAMILY = "1,2";
				TEST_HOST = "$(BUILT_PRODUCTS_DIR)/RxSwiftSample.app/RxSwiftSample";
			};
			name = Debug;
		};
		50A3049D21FEB247006190AF /* Release */ = {
			isa = XCBuildConfiguration;
			baseConfigurationReference = DFF8A0A3416100AE8DF9BD2C /* Pods-RxSwiftSampleTests.release.xcconfig */;
			buildSettings = {
				ALWAYS_EMBED_SWIFT_STANDARD_LIBRARIES = YES;
				BUNDLE_LOADER = "$(TEST_HOST)";
				CODE_SIGN_STYLE = Automatic;
				DEVELOPMENT_TEAM = 4D5UHX748Z;
				INFOPLIST_FILE = RxSwiftSampleTests/Info.plist;
				LD_RUNPATH_SEARCH_PATHS = (
					"$(inherited)",
					"@executable_path/Frameworks",
					"@loader_path/Frameworks",
				);
				PRODUCT_BUNDLE_IDENTIFIER = com.raido.RxSwiftSampleTests;
				PRODUCT_NAME = "$(TARGET_NAME)";
				SWIFT_VERSION = 4.2;
				TARGETED_DEVICE_FAMILY = "1,2";
				TEST_HOST = "$(BUILT_PRODUCTS_DIR)/RxSwiftSample.app/RxSwiftSample";
			};
			name = Release;
		};
		50A3049F21FEB247006190AF /* Debug */ = {
			isa = XCBuildConfiguration;
			baseConfigurationReference = C743A457832073AE6817FD2E /* Pods-RxSwiftSampleUITests.debug.xcconfig */;
			buildSettings = {
				ALWAYS_EMBED_SWIFT_STANDARD_LIBRARIES = YES;
				CODE_SIGN_STYLE = Automatic;
				DEVELOPMENT_TEAM = 4D5UHX748Z;
				INFOPLIST_FILE = RxSwiftSampleUITests/Info.plist;
				LD_RUNPATH_SEARCH_PATHS = (
					"$(inherited)",
					"@executable_path/Frameworks",
					"@loader_path/Frameworks",
				);
				PRODUCT_BUNDLE_IDENTIFIER = com.raido.RxSwiftSampleUITests;
				PRODUCT_NAME = "$(TARGET_NAME)";
				SWIFT_VERSION = 4.2;
				TARGETED_DEVICE_FAMILY = "1,2";
				TEST_TARGET_NAME = RxSwiftSample;
			};
			name = Debug;
		};
		50A304A021FEB247006190AF /* Release */ = {
			isa = XCBuildConfiguration;
			baseConfigurationReference = 89EA08E0633501572B7ED216 /* Pods-RxSwiftSampleUITests.release.xcconfig */;
			buildSettings = {
				ALWAYS_EMBED_SWIFT_STANDARD_LIBRARIES = YES;
				CODE_SIGN_STYLE = Automatic;
				DEVELOPMENT_TEAM = 4D5UHX748Z;
				INFOPLIST_FILE = RxSwiftSampleUITests/Info.plist;
				LD_RUNPATH_SEARCH_PATHS = (
					"$(inherited)",
					"@executable_path/Frameworks",
					"@loader_path/Frameworks",
				);
				PRODUCT_BUNDLE_IDENTIFIER = com.raido.RxSwiftSampleUITests;
				PRODUCT_NAME = "$(TARGET_NAME)";
				SWIFT_VERSION = 4.2;
				TARGETED_DEVICE_FAMILY = "1,2";
				TEST_TARGET_NAME = RxSwiftSample;
			};
			name = Release;
		};
/* End XCBuildConfiguration section */

/* Begin XCConfigurationList section */
		50A3046B21FEB246006190AF /* Build configuration list for PBXProject "RxSwiftSample" */ = {
			isa = XCConfigurationList;
			buildConfigurations = (
				50A3049621FEB247006190AF /* Debug */,
				50A3049721FEB247006190AF /* Release */,
			);
			defaultConfigurationIsVisible = 0;
			defaultConfigurationName = Release;
		};
		50A3049821FEB247006190AF /* Build configuration list for PBXNativeTarget "RxSwiftSample" */ = {
			isa = XCConfigurationList;
			buildConfigurations = (
				50A3049921FEB247006190AF /* Debug */,
				50A3049A21FEB247006190AF /* Release */,
			);
			defaultConfigurationIsVisible = 0;
			defaultConfigurationName = Release;
		};
		50A3049B21FEB247006190AF /* Build configuration list for PBXNativeTarget "RxSwiftSampleTests" */ = {
			isa = XCConfigurationList;
			buildConfigurations = (
				50A3049C21FEB247006190AF /* Debug */,
				50A3049D21FEB247006190AF /* Release */,
			);
			defaultConfigurationIsVisible = 0;
			defaultConfigurationName = Release;
		};
		50A3049E21FEB247006190AF /* Build configuration list for PBXNativeTarget "RxSwiftSampleUITests" */ = {
			isa = XCConfigurationList;
			buildConfigurations = (
				50A3049F21FEB247006190AF /* Debug */,
				50A304A021FEB247006190AF /* Release */,
			);
			defaultConfigurationIsVisible = 0;
			defaultConfigurationName = Release;
		};
/* End XCConfigurationList section */
	};
	rootObject = 50A3046821FEB246006190AF /* Project object */;
}
